<Solution>
  <Folder Name="/src/" />
  <Folder Name="/src/Bootstrap/">
    <Project Path="src/Bootstrap/UniversityErp.Api/UniversityErp.Api.csproj" />
    <Project Path="src/Bootstrap/UniversityErp.Migrator/UniversityErp.Migrator.csproj" />
    <Project Path="src/Bootstrap/UniversityErp.Worker/UniversityErp.Worker.csproj" />
  </Folder>
  <Folder Name="/src/Modules/" />
  <Folder Name="/src/Modules/Platform/" />
  <Folder Name="/src/Modules/Platform/IdentityAccess/">
    <Project Path="src/Modules/Platform/IdentityAccess/IdentityAccess.Application/IdentityAccess.Application.csproj" />
    <Project Path="src/Modules/Platform/IdentityAccess/IdentityAccess.Contracts/IdentityAccess.Contracts.csproj" />
    <Project Path="src/Modules/Platform/IdentityAccess/IdentityAccess.Domain/IdentityAccess.Domain.csproj" />
    <Project Path="src/Modules/Platform/IdentityAccess/IdentityAccess.Infrastructure/IdentityAccess.Infrastructure.csproj" />
    <Project Path="src/Modules/Platform/IdentityAccess/IdentityAccess.Presentation/IdentityAccess.Presentation.csproj" />
    <Project Path="src/Modules/Platform/IdentityAccess/IdentityAccess.Tests.Architecture/IdentityAccess.Tests.Architecture.csproj" />
    <Project Path="src/Modules/Platform/IdentityAccess/IdentityAccess.Tests.Integration/IdentityAccess.Tests.Integration.csproj" />
    <Project Path="src/Modules/Platform/IdentityAccess/IdentityAccess.Tests.Unit/IdentityAccess.Tests.Unit.csproj" />
  </Folder>
  <Folder Name="/src/SharedKernel/">
    <Project Path="src/SharedKernel/SharedKernel.Application/SharedKernel.Application.csproj" />
    <Project Path="src/SharedKernel/SharedKernel.Domain/SharedKernel.Domain.csproj" />
    <Project Path="src/SharedKernel/SharedKernel.Infrastructure/SharedKernel.Infrastructure.csproj" />
    <Project Path="src/SharedKernel/SharedKernel.Observability/SharedKernel.Observability.csproj" />
  </Folder>
</Solution>
